// !$*UTF8*$!
{
	archiveVersion = 1;
	classes = {
	};
	objectVersion = 50;
	objects = {

/* Begin PBXBuildFile section */
		01474B6E37A4B1C31F008498 /* Pods_moim.framework in Frameworks */ = {isa = PBXBuildFile; fileRef = CBFFF12334A32E66FA23194A /* Pods_moim.framework */; };
		12682D072156265000EF6E8A /* GoogleService-Info.plist in Resources */ = {isa = PBXBuildFile; fileRef = 12682D062156265000EF6E8A /* GoogleService-Info.plist */; };
		12C5B4E8215274EE000A98E3 /* AppDelegate.swift in Sources */ = {isa = PBXBuildFile; fileRef = 12C5B4E7215274EE000A98E3 /* AppDelegate.swift */; };
		12C5B4EA215274EE000A98E3 /* FirstViewController.swift in Sources */ = {isa = PBXBuildFile; fileRef = 12C5B4E9215274EE000A98E3 /* FirstViewController.swift */; };
		12C5B4EC215274EE000A98E3 /* AREventViewController.swift in Sources */ = {isa = PBXBuildFile; fileRef = 12C5B4EB215274EE000A98E3 /* AREventViewController.swift */; };
		12C5B4EF215274EE000A98E3 /* Main.storyboard in Resources */ = {isa = PBXBuildFile; fileRef = 12C5B4ED215274EE000A98E3 /* Main.storyboard */; };
		12C5B4F1215274EF000A98E3 /* Assets.xcassets in Resources */ = {isa = PBXBuildFile; fileRef = 12C5B4F0215274EF000A98E3 /* Assets.xcassets */; };
		12C5B4F4215274EF000A98E3 /* LaunchScreen.storyboard in Resources */ = {isa = PBXBuildFile; fileRef = 12C5B4F2215274EF000A98E3 /* LaunchScreen.storyboard */; };
		12C5B4FF215274EF000A98E3 /* moimTests.swift in Sources */ = {isa = PBXBuildFile; fileRef = 12C5B4FE215274EF000A98E3 /* moimTests.swift */; };
		12C5B50A215274EF000A98E3 /* moimUITests.swift in Sources */ = {isa = PBXBuildFile; fileRef = 12C5B509215274EF000A98E3 /* moimUITests.swift */; };
		12C66FD8215CA536001A5680 /* InitialViewController.swift in Sources */ = {isa = PBXBuildFile; fileRef = 12C66FD7215CA536001A5680 /* InitialViewController.swift */; };
		12F0330F215CF6D000DC1020 /* LoginViewController.swift in Sources */ = {isa = PBXBuildFile; fileRef = 12F0330E215CF6D000DC1020 /* LoginViewController.swift */; };
		12F03311215D151600DC1020 /* SignUpViewController.swift in Sources */ = {isa = PBXBuildFile; fileRef = 12F03310215D151600DC1020 /* SignUpViewController.swift */; };
		22388B9696819AFCE36E600B /* Pods_moimUITests.framework in Frameworks */ = {isa = PBXBuildFile; fileRef = 1D10F39007B8F9074D8C558E /* Pods_moimUITests.framework */; };
		8AB3FF901D29634E864E3D60 /* Pods_moimTests.framework in Frameworks */ = {isa = PBXBuildFile; fileRef = 26216C4A2682BD4C2FEBF19F /* Pods_moimTests.framework */; };
/* End PBXBuildFile section */

/* Begin PBXContainerItemProxy section */
		12C5B4FB215274EF000A98E3 /* PBXContainerItemProxy */ = {
			isa = PBXContainerItemProxy;
			containerPortal = 12C5B4DC215274EE000A98E3 /* Project object */;
			proxyType = 1;
			remoteGlobalIDString = 12C5B4E3215274EE000A98E3;
			remoteInfo = moim;
		};
		12C5B506215274EF000A98E3 /* PBXContainerItemProxy */ = {
			isa = PBXContainerItemProxy;
			containerPortal = 12C5B4DC215274EE000A98E3 /* Project object */;
			proxyType = 1;
			remoteGlobalIDString = 12C5B4E3215274EE000A98E3;
			remoteInfo = moim;
		};
/* End PBXContainerItemProxy section */

/* Begin PBXFileReference section */
		0EDC3E778F57D2F0791C656F /* Pods-moimUITests.release.xcconfig */ = {isa = PBXFileReference; includeInIndex = 1; lastKnownFileType = text.xcconfig; name = "Pods-moimUITests.release.xcconfig"; path = "Pods/Target Support Files/Pods-moimUITests/Pods-moimUITests.release.xcconfig"; sourceTree = "<group>"; };
		10455C818617724429885CC4 /* Pods-moimTests.release.xcconfig */ = {isa = PBXFileReference; includeInIndex = 1; lastKnownFileType = text.xcconfig; name = "Pods-moimTests.release.xcconfig"; path = "Pods/Target Support Files/Pods-moimTests/Pods-moimTests.release.xcconfig"; sourceTree = "<group>"; };
		12682D062156265000EF6E8A /* GoogleService-Info.plist */ = {isa = PBXFileReference; fileEncoding = 4; lastKnownFileType = text.plist.xml; path = "GoogleService-Info.plist"; sourceTree = "<group>"; };
		12C5B4E4215274EE000A98E3 /* moim.app */ = {isa = PBXFileReference; explicitFileType = wrapper.application; includeInIndex = 0; path = moim.app; sourceTree = BUILT_PRODUCTS_DIR; };
		12C5B4E7215274EE000A98E3 /* AppDelegate.swift */ = {isa = PBXFileReference; lastKnownFileType = sourcecode.swift; path = AppDelegate.swift; sourceTree = "<group>"; };
		12C5B4E9215274EE000A98E3 /* FirstViewController.swift */ = {isa = PBXFileReference; lastKnownFileType = sourcecode.swift; path = FirstViewController.swift; sourceTree = "<group>"; };
		12C5B4EB215274EE000A98E3 /* AREventViewController.swift */ = {isa = PBXFileReference; lastKnownFileType = sourcecode.swift; path = AREventViewController.swift; sourceTree = "<group>"; };
		12C5B4EE215274EE000A98E3 /* Base */ = {isa = PBXFileReference; lastKnownFileType = file.storyboard; name = Base; path = Base.lproj/Main.storyboard; sourceTree = "<group>"; };
		12C5B4F0215274EF000A98E3 /* Assets.xcassets */ = {isa = PBXFileReference; lastKnownFileType = folder.assetcatalog; path = Assets.xcassets; sourceTree = "<group>"; };
		12C5B4F3215274EF000A98E3 /* Base */ = {isa = PBXFileReference; lastKnownFileType = file.storyboard; name = Base; path = Base.lproj/LaunchScreen.storyboard; sourceTree = "<group>"; };
		12C5B4F5215274EF000A98E3 /* Info.plist */ = {isa = PBXFileReference; lastKnownFileType = text.plist.xml; path = Info.plist; sourceTree = "<group>"; };
		12C5B4FA215274EF000A98E3 /* moimTests.xctest */ = {isa = PBXFileReference; explicitFileType = wrapper.cfbundle; includeInIndex = 0; path = moimTests.xctest; sourceTree = BUILT_PRODUCTS_DIR; };
		12C5B4FE215274EF000A98E3 /* moimTests.swift */ = {isa = PBXFileReference; lastKnownFileType = sourcecode.swift; path = moimTests.swift; sourceTree = "<group>"; };
		12C5B500215274EF000A98E3 /* Info.plist */ = {isa = PBXFileReference; lastKnownFileType = text.plist.xml; path = Info.plist; sourceTree = "<group>"; };
		12C5B505215274EF000A98E3 /* moimUITests.xctest */ = {isa = PBXFileReference; explicitFileType = wrapper.cfbundle; includeInIndex = 0; path = moimUITests.xctest; sourceTree = BUILT_PRODUCTS_DIR; };
		12C5B509215274EF000A98E3 /* moimUITests.swift */ = {isa = PBXFileReference; lastKnownFileType = sourcecode.swift; path = moimUITests.swift; sourceTree = "<group>"; };
		12C5B50B215274EF000A98E3 /* Info.plist */ = {isa = PBXFileReference; lastKnownFileType = text.plist.xml; path = Info.plist; sourceTree = "<group>"; };
		12C66FD7215CA536001A5680 /* InitialViewController.swift */ = {isa = PBXFileReference; lastKnownFileType = sourcecode.swift; path = InitialViewController.swift; sourceTree = "<group>"; };
		12F0330E215CF6D000DC1020 /* LoginViewController.swift */ = {isa = PBXFileReference; lastKnownFileType = sourcecode.swift; path = LoginViewController.swift; sourceTree = "<group>"; };
		12F03310215D151600DC1020 /* SignUpViewController.swift */ = {isa = PBXFileReference; lastKnownFileType = sourcecode.swift; path = SignUpViewController.swift; sourceTree = "<group>"; };
		1D10F39007B8F9074D8C558E /* Pods_moimUITests.framework */ = {isa = PBXFileReference; explicitFileType = wrapper.framework; includeInIndex = 0; path = Pods_moimUITests.framework; sourceTree = BUILT_PRODUCTS_DIR; };
		26216C4A2682BD4C2FEBF19F /* Pods_moimTests.framework */ = {isa = PBXFileReference; explicitFileType = wrapper.framework; includeInIndex = 0; path = Pods_moimTests.framework; sourceTree = BUILT_PRODUCTS_DIR; };
		3E270C9010F79B9FB238F8C8 /* Pods-moim.release.xcconfig */ = {isa = PBXFileReference; includeInIndex = 1; lastKnownFileType = text.xcconfig; name = "Pods-moim.release.xcconfig"; path = "Pods/Target Support Files/Pods-moim/Pods-moim.release.xcconfig"; sourceTree = "<group>"; };
		B54E3E81C8738FD1BC49E738 /* Pods-moim.debug.xcconfig */ = {isa = PBXFileReference; includeInIndex = 1; lastKnownFileType = text.xcconfig; name = "Pods-moim.debug.xcconfig"; path = "Pods/Target Support Files/Pods-moim/Pods-moim.debug.xcconfig"; sourceTree = "<group>"; };
		CBFFF12334A32E66FA23194A /* Pods_moim.framework */ = {isa = PBXFileReference; explicitFileType = wrapper.framework; includeInIndex = 0; path = Pods_moim.framework; sourceTree = BUILT_PRODUCTS_DIR; };
		DB0EF9B727AB730340767FC5 /* Pods-moimUITests.debug.xcconfig */ = {isa = PBXFileReference; includeInIndex = 1; lastKnownFileType = text.xcconfig; name = "Pods-moimUITests.debug.xcconfig"; path = "Pods/Target Support Files/Pods-moimUITests/Pods-moimUITests.debug.xcconfig"; sourceTree = "<group>"; };
		FA4C95E06AAD0E26E7A5248C /* Pods-moimTests.debug.xcconfig */ = {isa = PBXFileReference; includeInIndex = 1; lastKnownFileType = text.xcconfig; name = "Pods-moimTests.debug.xcconfig"; path = "Pods/Target Support Files/Pods-moimTests/Pods-moimTests.debug.xcconfig"; sourceTree = "<group>"; };
/* End PBXFileReference section */

/* Begin PBXFrameworksBuildPhase section */
		12C5B4E1215274EE000A98E3 /* Frameworks */ = {
			isa = PBXFrameworksBuildPhase;
			buildActionMask = 2147483647;
			files = (
				01474B6E37A4B1C31F008498 /* Pods_moim.framework in Frameworks */,
			);
			runOnlyForDeploymentPostprocessing = 0;
		};
		12C5B4F7215274EF000A98E3 /* Frameworks */ = {
			isa = PBXFrameworksBuildPhase;
			buildActionMask = 2147483647;
			files = (
				8AB3FF901D29634E864E3D60 /* Pods_moimTests.framework in Frameworks */,
			);
			runOnlyForDeploymentPostprocessing = 0;
		};
		12C5B502215274EF000A98E3 /* Frameworks */ = {
			isa = PBXFrameworksBuildPhase;
			buildActionMask = 2147483647;
			files = (
				22388B9696819AFCE36E600B /* Pods_moimUITests.framework in Frameworks */,
			);
			runOnlyForDeploymentPostprocessing = 0;
		};
/* End PBXFrameworksBuildPhase section */

/* Begin PBXGroup section */
		12C5B4DB215274EE000A98E3 = {
			isa = PBXGroup;
			children = (
				12C5B4E6215274EE000A98E3 /* moim */,
				12C5B4FD215274EF000A98E3 /* moimTests */,
				12C5B508215274EF000A98E3 /* moimUITests */,
				12C5B4E5215274EE000A98E3 /* Products */,
				B32ED9DC1A9E4A75D4CB0428 /* Pods */,
				B651E404E7BB56C6D1531937 /* Frameworks */,
			);
			sourceTree = "<group>";
		};
		12C5B4E5215274EE000A98E3 /* Products */ = {
			isa = PBXGroup;
			children = (
				12C5B4E4215274EE000A98E3 /* moim.app */,
				12C5B4FA215274EF000A98E3 /* moimTests.xctest */,
				12C5B505215274EF000A98E3 /* moimUITests.xctest */,
			);
			name = Products;
			sourceTree = "<group>";
		};
		12C5B4E6215274EE000A98E3 /* moim */ = {
			isa = PBXGroup;
			children = (
				12C5B4E7215274EE000A98E3 /* AppDelegate.swift */,
				12F03313215D266100DC1020 /* View */,
				12F03312215D260A00DC1020 /* ViewController */,
				12C5B4F0215274EF000A98E3 /* Assets.xcassets */,
				12C5B4F5215274EF000A98E3 /* Info.plist */,
				12682D062156265000EF6E8A /* GoogleService-Info.plist */,
			);
			path = moim;
			sourceTree = "<group>";
		};
		12C5B4FD215274EF000A98E3 /* moimTests */ = {
			isa = PBXGroup;
			children = (
				12C5B4FE215274EF000A98E3 /* moimTests.swift */,
				12C5B500215274EF000A98E3 /* Info.plist */,
			);
			path = moimTests;
			sourceTree = "<group>";
		};
		12C5B508215274EF000A98E3 /* moimUITests */ = {
			isa = PBXGroup;
			children = (
				12C5B509215274EF000A98E3 /* moimUITests.swift */,
				12C5B50B215274EF000A98E3 /* Info.plist */,
			);
			path = moimUITests;
			sourceTree = "<group>";
		};
		12F03312215D260A00DC1020 /* ViewController */ = {
			isa = PBXGroup;
			children = (
				12C66FD7215CA536001A5680 /* InitialViewController.swift */,
				12F03310215D151600DC1020 /* SignUpViewController.swift */,
				12C5B4E9215274EE000A98E3 /* FirstViewController.swift */,
				12C5B4EB215274EE000A98E3 /* AREventViewController.swift */,
				12F0330E215CF6D000DC1020 /* LoginViewController.swift */,
			);
			path = ViewController;
			sourceTree = "<group>";
		};
		12F03313215D266100DC1020 /* View */ = {
			isa = PBXGroup;
			children = (
				12C5B4ED215274EE000A98E3 /* Main.storyboard */,
				12C5B4F2215274EF000A98E3 /* LaunchScreen.storyboard */,
			);
			path = View;
			sourceTree = "<group>";
		};
		B32ED9DC1A9E4A75D4CB0428 /* Pods */ = {
			isa = PBXGroup;
			children = (
				B54E3E81C8738FD1BC49E738 /* Pods-moim.debug.xcconfig */,
				3E270C9010F79B9FB238F8C8 /* Pods-moim.release.xcconfig */,
				FA4C95E06AAD0E26E7A5248C /* Pods-moimTests.debug.xcconfig */,
				10455C818617724429885CC4 /* Pods-moimTests.release.xcconfig */,
				DB0EF9B727AB730340767FC5 /* Pods-moimUITests.debug.xcconfig */,
				0EDC3E778F57D2F0791C656F /* Pods-moimUITests.release.xcconfig */,
			);
			name = Pods;
			sourceTree = "<group>";
		};
		B651E404E7BB56C6D1531937 /* Frameworks */ = {
			isa = PBXGroup;
			children = (
				CBFFF12334A32E66FA23194A /* Pods_moim.framework */,
				26216C4A2682BD4C2FEBF19F /* Pods_moimTests.framework */,
				1D10F39007B8F9074D8C558E /* Pods_moimUITests.framework */,
			);
			name = Frameworks;
			sourceTree = "<group>";
		};
/* End PBXGroup section */

/* Begin PBXNativeTarget section */
		12C5B4E3215274EE000A98E3 /* moim */ = {
			isa = PBXNativeTarget;
			buildConfigurationList = 12C5B50E215274EF000A98E3 /* Build configuration list for PBXNativeTarget "moim" */;
			buildPhases = (
				DE3DFA2741E1F6EC23E0DA72 /* [CP] Check Pods Manifest.lock */,
				12C5B4E0215274EE000A98E3 /* Sources */,
				12C5B4E1215274EE000A98E3 /* Frameworks */,
				12C5B4E2215274EE000A98E3 /* Resources */,
				1B4E88E1B860516FDD5098B7 /* [CP] Embed Pods Frameworks */,
			);
			buildRules = (
			);
			dependencies = (
			);
			name = moim;
			productName = moim;
			productReference = 12C5B4E4215274EE000A98E3 /* moim.app */;
			productType = "com.apple.product-type.application";
		};
		12C5B4F9215274EF000A98E3 /* moimTests */ = {
			isa = PBXNativeTarget;
			buildConfigurationList = 12C5B511215274EF000A98E3 /* Build configuration list for PBXNativeTarget "moimTests" */;
			buildPhases = (
				71053407152AFDC15BC77A14 /* [CP] Check Pods Manifest.lock */,
				12C5B4F6215274EF000A98E3 /* Sources */,
				12C5B4F7215274EF000A98E3 /* Frameworks */,
				12C5B4F8215274EF000A98E3 /* Resources */,
			);
			buildRules = (
			);
			dependencies = (
				12C5B4FC215274EF000A98E3 /* PBXTargetDependency */,
			);
			name = moimTests;
			productName = moimTests;
			productReference = 12C5B4FA215274EF000A98E3 /* moimTests.xctest */;
			productType = "com.apple.product-type.bundle.unit-test";
		};
		12C5B504215274EF000A98E3 /* moimUITests */ = {
			isa = PBXNativeTarget;
			buildConfigurationList = 12C5B514215274EF000A98E3 /* Build configuration list for PBXNativeTarget "moimUITests" */;
			buildPhases = (
				649E2DF060A6415546F6372A /* [CP] Check Pods Manifest.lock */,
				12C5B501215274EF000A98E3 /* Sources */,
				12C5B502215274EF000A98E3 /* Frameworks */,
				12C5B503215274EF000A98E3 /* Resources */,
			);
			buildRules = (
			);
			dependencies = (
				12C5B507215274EF000A98E3 /* PBXTargetDependency */,
			);
			name = moimUITests;
			productName = moimUITests;
			productReference = 12C5B505215274EF000A98E3 /* moimUITests.xctest */;
			productType = "com.apple.product-type.bundle.ui-testing";
		};
/* End PBXNativeTarget section */

/* Begin PBXProject section */
		12C5B4DC215274EE000A98E3 /* Project object */ = {
			isa = PBXProject;
			attributes = {
				LastSwiftUpdateCheck = 1000;
				LastUpgradeCheck = 1000;
				ORGANIZATIONNAME = teammoim;
				TargetAttributes = {
					12C5B4E3215274EE000A98E3 = {
						CreatedOnToolsVersion = 10.0;
					};
					12C5B4F9215274EF000A98E3 = {
						CreatedOnToolsVersion = 10.0;
						TestTargetID = 12C5B4E3215274EE000A98E3;
					};
					12C5B504215274EF000A98E3 = {
						CreatedOnToolsVersion = 10.0;
						TestTargetID = 12C5B4E3215274EE000A98E3;
					};
				};
			};
			buildConfigurationList = 12C5B4DF215274EE000A98E3 /* Build configuration list for PBXProject "moim" */;
			compatibilityVersion = "Xcode 9.3";
			developmentRegion = en;
			hasScannedForEncodings = 0;
			knownRegions = (
				en,
				Base,
			);
			mainGroup = 12C5B4DB215274EE000A98E3;
			productRefGroup = 12C5B4E5215274EE000A98E3 /* Products */;
			projectDirPath = "";
			projectRoot = "";
			targets = (
				12C5B4E3215274EE000A98E3 /* moim */,
				12C5B4F9215274EF000A98E3 /* moimTests */,
				12C5B504215274EF000A98E3 /* moimUITests */,
			);
		};
/* End PBXProject section */

/* Begin PBXResourcesBuildPhase section */
		12C5B4E2215274EE000A98E3 /* Resources */ = {
			isa = PBXResourcesBuildPhase;
			buildActionMask = 2147483647;
			files = (
				12C5B4F4215274EF000A98E3 /* LaunchScreen.storyboard in Resources */,
				12682D072156265000EF6E8A /* GoogleService-Info.plist in Resources */,
				12C5B4F1215274EF000A98E3 /* Assets.xcassets in Resources */,
				12C5B4EF215274EE000A98E3 /* Main.storyboard in Resources */,
			);
			runOnlyForDeploymentPostprocessing = 0;
		};
		12C5B4F8215274EF000A98E3 /* Resources */ = {
			isa = PBXResourcesBuildPhase;
			buildActionMask = 2147483647;
			files = (
			);
			runOnlyForDeploymentPostprocessing = 0;
		};
		12C5B503215274EF000A98E3 /* Resources */ = {
			isa = PBXResourcesBuildPhase;
			buildActionMask = 2147483647;
			files = (
			);
			runOnlyForDeploymentPostprocessing = 0;
		};
/* End PBXResourcesBuildPhase section */

/* Begin PBXShellScriptBuildPhase section */
		1B4E88E1B860516FDD5098B7 /* [CP] Embed Pods Frameworks */ = {
			isa = PBXShellScriptBuildPhase;
			buildActionMask = 2147483647;
			files = (
			);
			inputFileListPaths = (
			);
			inputPaths = (
				"${SRCROOT}/Pods/Target Support Files/Pods-moim/Pods-moim-frameworks.sh",
				"${BUILT_PRODUCTS_DIR}/GTMSessionFetcher/GTMSessionFetcher.framework",
				"${BUILT_PRODUCTS_DIR}/GoogleUtilities/GoogleUtilities.framework",
				"${BUILT_PRODUCTS_DIR}/nanopb/nanopb.framework",
			);
			name = "[CP] Embed Pods Frameworks";
			outputFileListPaths = (
			);
			outputPaths = (
				"${TARGET_BUILD_DIR}/${FRAMEWORKS_FOLDER_PATH}/GTMSessionFetcher.framework",
				"${TARGET_BUILD_DIR}/${FRAMEWORKS_FOLDER_PATH}/GoogleUtilities.framework",
				"${TARGET_BUILD_DIR}/${FRAMEWORKS_FOLDER_PATH}/nanopb.framework",
			);
			runOnlyForDeploymentPostprocessing = 0;
			shellPath = /bin/sh;
			shellScript = "\"${SRCROOT}/Pods/Target Support Files/Pods-moim/Pods-moim-frameworks.sh\"\n";
			showEnvVarsInLog = 0;
		};
		649E2DF060A6415546F6372A /* [CP] Check Pods Manifest.lock */ = {
			isa = PBXShellScriptBuildPhase;
			buildActionMask = 2147483647;
			files = (
			);
			inputFileListPaths = (
			);
			inputPaths = (
				"${PODS_PODFILE_DIR_PATH}/Podfile.lock",
				"${PODS_ROOT}/Manifest.lock",
			);
			name = "[CP] Check Pods Manifest.lock";
			outputFileListPaths = (
			);
			outputPaths = (
				"$(DERIVED_FILE_DIR)/Pods-moimUITests-checkManifestLockResult.txt",
			);
			runOnlyForDeploymentPostprocessing = 0;
			shellPath = /bin/sh;
			shellScript = "diff \"${PODS_PODFILE_DIR_PATH}/Podfile.lock\" \"${PODS_ROOT}/Manifest.lock\" > /dev/null\nif [ $? != 0 ] ; then\n    # print error to STDERR\n    echo \"error: The sandbox is not in sync with the Podfile.lock. Run 'pod install' or update your CocoaPods installation.\" >&2\n    exit 1\nfi\n# This output is used by Xcode 'outputs' to avoid re-running this script phase.\necho \"SUCCESS\" > \"${SCRIPT_OUTPUT_FILE_0}\"\n";
			showEnvVarsInLog = 0;
		};
		71053407152AFDC15BC77A14 /* [CP] Check Pods Manifest.lock */ = {
			isa = PBXShellScriptBuildPhase;
			buildActionMask = 2147483647;
			files = (
			);
			inputFileListPaths = (
			);
			inputPaths = (
				"${PODS_PODFILE_DIR_PATH}/Podfile.lock",
				"${PODS_ROOT}/Manifest.lock",
			);
			name = "[CP] Check Pods Manifest.lock";
			outputFileListPaths = (
			);
			outputPaths = (
				"$(DERIVED_FILE_DIR)/Pods-moimTests-checkManifestLockResult.txt",
			);
			runOnlyForDeploymentPostprocessing = 0;
			shellPath = /bin/sh;
			shellScript = "diff \"${PODS_PODFILE_DIR_PATH}/Podfile.lock\" \"${PODS_ROOT}/Manifest.lock\" > /dev/null\nif [ $? != 0 ] ; then\n    # print error to STDERR\n    echo \"error: The sandbox is not in sync with the Podfile.lock. Run 'pod install' or update your CocoaPods installation.\" >&2\n    exit 1\nfi\n# This output is used by Xcode 'outputs' to avoid re-running this script phase.\necho \"SUCCESS\" > \"${SCRIPT_OUTPUT_FILE_0}\"\n";
			showEnvVarsInLog = 0;
		};
		DE3DFA2741E1F6EC23E0DA72 /* [CP] Check Pods Manifest.lock */ = {
			isa = PBXShellScriptBuildPhase;
			buildActionMask = 2147483647;
			files = (
			);
			inputFileListPaths = (
			);
			inputPaths = (
				"${PODS_PODFILE_DIR_PATH}/Podfile.lock",
				"${PODS_ROOT}/Manifest.lock",
			);
			name = "[CP] Check Pods Manifest.lock";
			outputFileListPaths = (
			);
			outputPaths = (
				"$(DERIVED_FILE_DIR)/Pods-moim-checkManifestLockResult.txt",
			);
			runOnlyForDeploymentPostprocessing = 0;
			shellPath = /bin/sh;
			shellScript = "diff \"${PODS_PODFILE_DIR_PATH}/Podfile.lock\" \"${PODS_ROOT}/Manifest.lock\" > /dev/null\nif [ $? != 0 ] ; then\n    # print error to STDERR\n    echo \"error: The sandbox is not in sync with the Podfile.lock. Run 'pod install' or update your CocoaPods installation.\" >&2\n    exit 1\nfi\n# This output is used by Xcode 'outputs' to avoid re-running this script phase.\necho \"SUCCESS\" > \"${SCRIPT_OUTPUT_FILE_0}\"\n";
			showEnvVarsInLog = 0;
		};
/* End PBXShellScriptBuildPhase section */

/* Begin PBXSourcesBuildPhase section */
		12C5B4E0215274EE000A98E3 /* Sources */ = {
			isa = PBXSourcesBuildPhase;
			buildActionMask = 2147483647;
			files = (
				12F03311215D151600DC1020 /* SignUpViewController.swift in Sources */,
				12C5B4EC215274EE000A98E3 /* AREventViewController.swift in Sources */,
				12C5B4E8215274EE000A98E3 /* AppDelegate.swift in Sources */,
				12C5B4EA215274EE000A98E3 /* FirstViewController.swift in Sources */,
				12F0330F215CF6D000DC1020 /* LoginViewController.swift in Sources */,
				12C66FD8215CA536001A5680 /* InitialViewController.swift in Sources */,
			);
			runOnlyForDeploymentPostprocessing = 0;
		};
		12C5B4F6215274EF000A98E3 /* Sources */ = {
			isa = PBXSourcesBuildPhase;
			buildActionMask = 2147483647;
			files = (
				12C5B4FF215274EF000A98E3 /* moimTests.swift in Sources */,
			);
			runOnlyForDeploymentPostprocessing = 0;
		};
		12C5B501215274EF000A98E3 /* Sources */ = {
			isa = PBXSourcesBuildPhase;
			buildActionMask = 2147483647;
			files = (
				12C5B50A215274EF000A98E3 /* moimUITests.swift in Sources */,
			);
			runOnlyForDeploymentPostprocessing = 0;
		};
/* End PBXSourcesBuildPhase section */

/* Begin PBXTargetDependency section */
		12C5B4FC215274EF000A98E3 /* PBXTargetDependency */ = {
			isa = PBXTargetDependency;
			target = 12C5B4E3215274EE000A98E3 /* moim */;
			targetProxy = 12C5B4FB215274EF000A98E3 /* PBXContainerItemProxy */;
		};
		12C5B507215274EF000A98E3 /* PBXTargetDependency */ = {
			isa = PBXTargetDependency;
			target = 12C5B4E3215274EE000A98E3 /* moim */;
			targetProxy = 12C5B506215274EF000A98E3 /* PBXContainerItemProxy */;
		};
/* End PBXTargetDependency section */

/* Begin PBXVariantGroup section */
		12C5B4ED215274EE000A98E3 /* Main.storyboard */ = {
			isa = PBXVariantGroup;
			children = (
				12C5B4EE215274EE000A98E3 /* Base */,
			);
			name = Main.storyboard;
			sourceTree = "<group>";
		};
		12C5B4F2215274EF000A98E3 /* LaunchScreen.storyboard */ = {
			isa = PBXVariantGroup;
			children = (
				12C5B4F3215274EF000A98E3 /* Base */,
			);
			name = LaunchScreen.storyboard;
			sourceTree = "<group>";
		};
/* End PBXVariantGroup section */

/* Begin XCBuildConfiguration section */
		12C5B50C215274EF000A98E3 /* Debug */ = {
			isa = XCBuildConfiguration;
			buildSettings = {
				ALWAYS_SEARCH_USER_PATHS = NO;
				CLANG_ANALYZER_NONNULL = YES;
				CLANG_ANALYZER_NUMBER_OBJECT_CONVERSION = YES_AGGRESSIVE;
				CLANG_CXX_LANGUAGE_STANDARD = "gnu++14";
				CLANG_CXX_LIBRARY = "libc++";
				CLANG_ENABLE_MODULES = YES;
				CLANG_ENABLE_OBJC_ARC = YES;
				CLANG_ENABLE_OBJC_WEAK = YES;
				CLANG_WARN_BLOCK_CAPTURE_AUTORELEASING = YES;
				CLANG_WARN_BOOL_CONVERSION = YES;
				CLANG_WARN_COMMA = YES;
				CLANG_WARN_CONSTANT_CONVERSION = YES;
				CLANG_WARN_DEPRECATED_OBJC_IMPLEMENTATIONS = YES;
				CLANG_WARN_DIRECT_OBJC_ISA_USAGE = YES_ERROR;
				CLANG_WARN_DOCUMENTATION_COMMENTS = YES;
				CLANG_WARN_EMPTY_BODY = YES;
				CLANG_WARN_ENUM_CONVERSION = YES;
				CLANG_WARN_INFINITE_RECURSION = YES;
				CLANG_WARN_INT_CONVERSION = YES;
				CLANG_WARN_NON_LITERAL_NULL_CONVERSION = YES;
				CLANG_WARN_OBJC_IMPLICIT_RETAIN_SELF = YES;
				CLANG_WARN_OBJC_LITERAL_CONVERSION = YES;
				CLANG_WARN_OBJC_ROOT_CLASS = YES_ERROR;
				CLANG_WARN_RANGE_LOOP_ANALYSIS = YES;
				CLANG_WARN_STRICT_PROTOTYPES = YES;
				CLANG_WARN_SUSPICIOUS_MOVE = YES;
				CLANG_WARN_UNGUARDED_AVAILABILITY = YES_AGGRESSIVE;
				CLANG_WARN_UNREACHABLE_CODE = YES;
				CLANG_WARN__DUPLICATE_METHOD_MATCH = YES;
				CODE_SIGN_IDENTITY = "iPhone Developer";
				COPY_PHASE_STRIP = NO;
				DEBUG_INFORMATION_FORMAT = dwarf;
				ENABLE_STRICT_OBJC_MSGSEND = YES;
				ENABLE_TESTABILITY = YES;
				GCC_C_LANGUAGE_STANDARD = gnu11;
				GCC_DYNAMIC_NO_PIC = NO;
				GCC_NO_COMMON_BLOCKS = YES;
				GCC_OPTIMIZATION_LEVEL = 0;
				GCC_PREPROCESSOR_DEFINITIONS = (
					"DEBUG=1",
					"$(inherited)",
				);
				GCC_WARN_64_TO_32_BIT_CONVERSION = YES;
				GCC_WARN_ABOUT_RETURN_TYPE = YES_ERROR;
				GCC_WARN_UNDECLARED_SELECTOR = YES;
				GCC_WARN_UNINITIALIZED_AUTOS = YES_AGGRESSIVE;
				GCC_WARN_UNUSED_FUNCTION = YES;
				GCC_WARN_UNUSED_VARIABLE = YES;
				IPHONEOS_DEPLOYMENT_TARGET = 12.0;
				MTL_ENABLE_DEBUG_INFO = INCLUDE_SOURCE;
				MTL_FAST_MATH = YES;
				ONLY_ACTIVE_ARCH = YES;
				SDKROOT = iphoneos;
				SWIFT_ACTIVE_COMPILATION_CONDITIONS = DEBUG;
				SWIFT_OPTIMIZATION_LEVEL = "-Onone";
			};
			name = Debug;
		};
		12C5B50D215274EF000A98E3 /* Release */ = {
			isa = XCBuildConfiguration;
			buildSettings = {
				ALWAYS_SEARCH_USER_PATHS = NO;
				CLANG_ANALYZER_NONNULL = YES;
				CLANG_ANALYZER_NUMBER_OBJECT_CONVERSION = YES_AGGRESSIVE;
				CLANG_CXX_LANGUAGE_STANDARD = "gnu++14";
				CLANG_CXX_LIBRARY = "libc++";
				CLANG_ENABLE_MODULES = YES;
				CLANG_ENABLE_OBJC_ARC = YES;
				CLANG_ENABLE_OBJC_WEAK = YES;
				CLANG_WARN_BLOCK_CAPTURE_AUTORELEASING = YES;
				CLANG_WARN_BOOL_CONVERSION = YES;
				CLANG_WARN_COMMA = YES;
				CLANG_WARN_CONSTANT_CONVERSION = YES;
				CLANG_WARN_DEPRECATED_OBJC_IMPLEMENTATIONS = YES;
				CLANG_WARN_DIRECT_OBJC_ISA_USAGE = YES_ERROR;
				CLANG_WARN_DOCUMENTATION_COMMENTS = YES;
				CLANG_WARN_EMPTY_BODY = YES;
				CLANG_WARN_ENUM_CONVERSION = YES;
				CLANG_WARN_INFINITE_RECURSION = YES;
				CLANG_WARN_INT_CONVERSION = YES;
				CLANG_WARN_NON_LITERAL_NULL_CONVERSION = YES;
				CLANG_WARN_OBJC_IMPLICIT_RETAIN_SELF = YES;
				CLANG_WARN_OBJC_LITERAL_CONVERSION = YES;
				CLANG_WARN_OBJC_ROOT_CLASS = YES_ERROR;
				CLANG_WARN_RANGE_LOOP_ANALYSIS = YES;
				CLANG_WARN_STRICT_PROTOTYPES = YES;
				CLANG_WARN_SUSPICIOUS_MOVE = YES;
				CLANG_WARN_UNGUARDED_AVAILABILITY = YES_AGGRESSIVE;
				CLANG_WARN_UNREACHABLE_CODE = YES;
				CLANG_WARN__DUPLICATE_METHOD_MATCH = YES;
				CODE_SIGN_IDENTITY = "iPhone Developer";
				COPY_PHASE_STRIP = NO;
				DEBUG_INFORMATION_FORMAT = "dwarf-with-dsym";
				ENABLE_NS_ASSERTIONS = NO;
				ENABLE_STRICT_OBJC_MSGSEND = YES;
				GCC_C_LANGUAGE_STANDARD = gnu11;
				GCC_NO_COMMON_BLOCKS = YES;
				GCC_WARN_64_TO_32_BIT_CONVERSION = YES;
				GCC_WARN_ABOUT_RETURN_TYPE = YES_ERROR;
				GCC_WARN_UNDECLARED_SELECTOR = YES;
				GCC_WARN_UNINITIALIZED_AUTOS = YES_AGGRESSIVE;
				GCC_WARN_UNUSED_FUNCTION = YES;
				GCC_WARN_UNUSED_VARIABLE = YES;
				IPHONEOS_DEPLOYMENT_TARGET = 12.0;
				MTL_ENABLE_DEBUG_INFO = NO;
				MTL_FAST_MATH = YES;
				SDKROOT = iphoneos;
				SWIFT_COMPILATION_MODE = wholemodule;
				SWIFT_OPTIMIZATION_LEVEL = "-O";
				VALIDATE_PRODUCT = YES;
			};
			name = Release;
		};
		12C5B50F215274EF000A98E3 /* Debug */ = {
			isa = XCBuildConfiguration;
			baseConfigurationReference = B54E3E81C8738FD1BC49E738 /* Pods-moim.debug.xcconfig */;
			buildSettings = {
				ASSETCATALOG_COMPILER_APPICON_NAME = AppIcon;
				CODE_SIGN_STYLE = Automatic;
				DEVELOPMENT_TEAM = MLY2NY4CXP;
				INFOPLIST_FILE = moim/Info.plist;
				LD_RUNPATH_SEARCH_PATHS = (
					"$(inherited)",
					"@executable_path/Frameworks",
				);
				PRODUCT_BUNDLE_IDENTIFIER = io.github.teammoim.moim;
				PRODUCT_NAME = "$(TARGET_NAME)";
				SWIFT_VERSION = 4.2;
				TARGETED_DEVICE_FAMILY = "1,2";
			};
			name = Debug;
		};
		12C5B510215274EF000A98E3 /* Release */ = {
			isa = XCBuildConfiguration;
			baseConfigurationReference = 3E270C9010F79B9FB238F8C8 /* Pods-moim.release.xcconfig */;
			buildSettings = {
				ASSETCATALOG_COMPILER_APPICON_NAME = AppIcon;
				CODE_SIGN_STYLE = Automatic;
				DEVELOPMENT_TEAM = MLY2NY4CXP;
				INFOPLIST_FILE = moim/Info.plist;
				LD_RUNPATH_SEARCH_PATHS = (
					"$(inherited)",
					"@executable_path/Frameworks",
				);
				PRODUCT_BUNDLE_IDENTIFIER = io.github.teammoim.moim;
				PRODUCT_NAME = "$(TARGET_NAME)";
				SWIFT_VERSION = 4.2;
				TARGETED_DEVICE_FAMILY = "1,2";
			};
			name = Release;
		};
		12C5B512215274EF000A98E3 /* Debug */ = {
			isa = XCBuildConfiguration;
			baseConfigurationReference = FA4C95E06AAD0E26E7A5248C /* Pods-moimTests.debug.xcconfig */;
			buildSettings = {
				ALWAYS_EMBED_SWIFT_STANDARD_LIBRARIES = YES;
				BUNDLE_LOADER = "$(TEST_HOST)";
				CODE_SIGN_STYLE = Automatic;
				DEVELOPMENT_TEAM = MLY2NY4CXP;
				INFOPLIST_FILE = moimTests/Info.plist;
				LD_RUNPATH_SEARCH_PATHS = (
					"$(inherited)",
					"@executable_path/Frameworks",
					"@loader_path/Frameworks",
				);
				PRODUCT_BUNDLE_IDENTIFIER = io.github.teammoim.moimTests;
				PRODUCT_NAME = "$(TARGET_NAME)";
				SWIFT_VERSION = 4.2;
				TARGETED_DEVICE_FAMILY = "1,2";
				TEST_HOST = "$(BUILT_PRODUCTS_DIR)/moim.app/moim";
			};
			name = Debug;
		};
		12C5B513215274EF000A98E3 /* Release */ = {
			isa = XCBuildConfiguration;
			baseConfigurationReference = 10455C818617724429885CC4 /* Pods-moimTests.release.xcconfig */;
			buildSettings = {
				ALWAYS_EMBED_SWIFT_STANDARD_LIBRARIES = YES;
				BUNDLE_LOADER = "$(TEST_HOST)";
				CODE_SIGN_STYLE = Automatic;
				DEVELOPMENT_TEAM = MLY2NY4CXP;
				INFOPLIST_FILE = moimTests/Info.plist;
				LD_RUNPATH_SEARCH_PATHS = (
					"$(inherited)",
					"@executable_path/Frameworks",
					"@loader_path/Frameworks",
				);
				PRODUCT_BUNDLE_IDENTIFIER = io.github.teammoim.moimTests;
				PRODUCT_NAME = "$(TARGET_NAME)";
				SWIFT_VERSION = 4.2;
				TARGETED_DEVICE_FAMILY = "1,2";
				TEST_HOST = "$(BUILT_PRODUCTS_DIR)/moim.app/moim";
			};
			name = Release;
		};
		12C5B515215274EF000A98E3 /* Debug */ = {
			isa = XCBuildConfiguration;
			baseConfigurationReference = DB0EF9B727AB730340767FC5 /* Pods-moimUITests.debug.xcconfig */;
			buildSettings = {
				ALWAYS_EMBED_SWIFT_STANDARD_LIBRARIES = YES;
				CODE_SIGN_STYLE = Automatic;
				DEVELOPMENT_TEAM = MLY2NY4CXP;
				INFOPLIST_FILE = moimUITests/Info.plist;
				LD_RUNPATH_SEARCH_PATHS = (
					"$(inherited)",
					"@executable_path/Frameworks",
					"@loader_path/Frameworks",
				);
				PRODUCT_BUNDLE_IDENTIFIER = io.github.teammoim.moimUITests;
				PRODUCT_NAME = "$(TARGET_NAME)";
				SWIFT_VERSION = 4.2;
				TARGETED_DEVICE_FAMILY = "1,2";
				TEST_TARGET_NAME = moim;
			};
			name = Debug;
		};
		12C5B516215274EF000A98E3 /* Release */ = {
			isa = XCBuildConfiguration;
			baseConfigurationReference = 0EDC3E778F57D2F0791C656F /* Pods-moimUITests.release.xcconfig */;
			buildSettings = {
				ALWAYS_EMBED_SWIFT_STANDARD_LIBRARIES = YES;
				CODE_SIGN_STYLE = Automatic;
				DEVELOPMENT_TEAM = MLY2NY4CXP;
				INFOPLIST_FILE = moimUITests/Info.plist;
				LD_RUNPATH_SEARCH_PATHS = (
					"$(inherited)",
					"@executable_path/Frameworks",
					"@loader_path/Frameworks",
				);
				PRODUCT_BUNDLE_IDENTIFIER = io.github.teammoim.moimUITests;
				PRODUCT_NAME = "$(TARGET_NAME)";
				SWIFT_VERSION = 4.2;
				TARGETED_DEVICE_FAMILY = "1,2";
				TEST_TARGET_NAME = moim;
			};
			name = Release;
		};
/* End XCBuildConfiguration section */

/* Begin XCConfigurationList section */
		12C5B4DF215274EE000A98E3 /* Build configuration list for PBXProject "moim" */ = {
			isa = XCConfigurationList;
			buildConfigurations = (
				12C5B50C215274EF000A98E3 /* Debug */,
				12C5B50D215274EF000A98E3 /* Release */,
			);
			defaultConfigurationIsVisible = 0;
			defaultConfigurationName = Release;
		};
		12C5B50E215274EF000A98E3 /* Build configuration list for PBXNativeTarget "moim" */ = {
			isa = XCConfigurationList;
			buildConfigurations = (
				12C5B50F215274EF000A98E3 /* Debug */,
				12C5B510215274EF000A98E3 /* Release */,
			);
			defaultConfigurationIsVisible = 0;
			defaultConfigurationName = Release;
		};
		12C5B511215274EF000A98E3 /* Build configuration list for PBXNativeTarget "moimTests" */ = {
			isa = XCConfigurationList;
			buildConfigurations = (
				12C5B512215274EF000A98E3 /* Debug */,
				12C5B513215274EF000A98E3 /* Release */,
			);
			defaultConfigurationIsVisible = 0;
			defaultConfigurationName = Release;
		};
		12C5B514215274EF000A98E3 /* Build configuration list for PBXNativeTarget "moimUITests" */ = {
			isa = XCConfigurationList;
			buildConfigurations = (
				12C5B515215274EF000A98E3 /* Debug */,
				12C5B516215274EF000A98E3 /* Release */,
			);
			defaultConfigurationIsVisible = 0;
			defaultConfigurationName = Release;
		};
/* End XCConfigurationList section */
	};
	rootObject = 12C5B4DC215274EE000A98E3 /* Project object */;
}
